
Microsoft Visual Studio Solution File, Format Version 12.00
# Visual Studio Version 16
VisualStudioVersion = 16.0.29519.87
MinimumVisualStudioVersion = 10.0.40219.1
Project("{FAE04EC0-301F-11D3-BF4B-00C04F79EFBC}") = "CtrlWebPPT", "CtrlWebPPT.csproj", "{69F6856B-E69D-47BB-9F71-25AE01DBFA9A}"
EndProject
Global
	GlobalSection(SolutionConfigurationPlatforms) = preSolution
		Debug|Any CPU = Debug|Any CPU
		Release|Any CPU = Release|Any CPU
	EndGlobalSection
	GlobalSection(ProjectConfigurationPlatforms) = postSolution
		{69F6856B-E69D-47BB-9F71-25AE01DBFA9A}.Debug|Any CPU.ActiveCfg = Debug|Any CPU
		{69F6856B-E69D-47BB-9F71-25AE01DBFA9A}.Debug|Any CPU.Build.0 = Debug|Any CPU
		{69F6856B-E69D-47BB-9F71-25AE01DBFA9A}.Release|Any CPU.ActiveCfg = Release|Any CPU
		{69F6856B-E69D-47BB-9F71-25AE01DBFA9A}.Release|Any CPU.Build.0 = Release|Any CPU
	EndGlobalSection
	GlobalSection(SolutionProperties) = preSolution
		HideSolutionNode = FALSE
	EndGlobalSection
	GlobalSection(ExtensibilityGlobals) = postSolution
		SolutionGuid = {ED84C5F1-8DE0-4994-B2DB-6C0CC64D54C3}
	EndGlobalSection
EndGlobal
